
Microsoft Visual Studio Solution File, Format Version 12.00
# Visual Studio 2013
VisualStudioVersion = 12.0.21005.1
MinimumVisualStudioVersion = 10.0.40219.1
Project("{FAE04EC0-301F-11D3-BF4B-00C04F79EFBC}") = "1. EF-Mappings", "EF-Mappings\1. EF-Mappings.csproj", "{6B0A11E1-249A-4D9D-A899-B7B1EE8DD931}"
EndProject
Project("{FAE04EC0-301F-11D3-BF4B-00C04F79EFBC}") = "2. Export-Characters-and-Players-as-JSON", "Export-Characters-and-Players-as-JSON\2. Export-Characters-and-Players-as-JSON.csproj", "{F7A764D7-4232-4C07-B2FB-3364FA54AD91}"
EndProject
Project("{FAE04EC0-301F-11D3-BF4B-00C04F79EFBC}") = "3. Export-Finished-Games-as-XML", "Export-Finished-Games-as-XML\3. Export-Finished-Games-as-XML.csproj", "{E50E4049-5721-4138-A3B0-756DC264B028}"
EndProject
Project("{FAE04EC0-301F-11D3-BF4B-00C04F79EFBC}") = "5. Movies-Code-First", "Movies-Code-First\5. Movies-Code-First.csproj", "{757A3D1D-B131-4626-ADDA-98DA298469C1}"
EndProject
Project("{FAE04EC0-301F-11D3-BF4B-00C04F79EFBC}") = "4. Import-Users-and-Their-Games-from-XML", "Import-Users-and-Their-Games-from-XML\4. Import-Users-and-Their-Games-from-XML.csproj", "{6E251F90-E9B4-42B4-B801-6D60354516C1}"
EndProject
Project("{FAE04EC0-301F-11D3-BF4B-00C04F79EFBC}") = "6. Query-the-Database", "Query-the-Database\6. Query-the-Database.csproj", "{7D7F1BD3-4FEE-4D49-A6E3-92C6930A0F7C}"
EndProject
Global
	GlobalSection(SolutionConfigurationPlatforms) = preSolution
		Debug|Any CPU = Debug|Any CPU
		Release|Any CPU = Release|Any CPU
	EndGlobalSection
	GlobalSection(ProjectConfigurationPlatforms) = postSolution
		{6B0A11E1-249A-4D9D-A899-B7B1EE8DD931}.Debug|Any CPU.ActiveCfg = Debug|Any CPU
		{6B0A11E1-249A-4D9D-A899-B7B1EE8DD931}.Debug|Any CPU.Build.0 = Debug|Any CPU
		{6B0A11E1-249A-4D9D-A899-B7B1EE8DD931}.Release|Any CPU.ActiveCfg = Release|Any CPU
		{6B0A11E1-249A-4D9D-A899-B7B1EE8DD931}.Release|Any CPU.Build.0 = Release|Any CPU
		{F7A764D7-4232-4C07-B2FB-3364FA54AD91}.Debug|Any CPU.ActiveCfg = Debug|Any CPU
		{F7A764D7-4232-4C07-B2FB-3364FA54AD91}.Debug|Any CPU.Build.0 = Debug|Any CPU
		{F7A764D7-4232-4C07-B2FB-3364FA54AD91}.Release|Any CPU.ActiveCfg = Release|Any CPU
		{F7A764D7-4232-4C07-B2FB-3364FA54AD91}.Release|Any CPU.Build.0 = Release|Any CPU
		{E50E4049-5721-4138-A3B0-756DC264B028}.Debug|Any CPU.ActiveCfg = Debug|Any CPU
		{E50E4049-5721-4138-A3B0-756DC264B028}.Debug|Any CPU.Build.0 = Debug|Any CPU
		{E50E4049-5721-4138-A3B0-756DC264B028}.Release|Any CPU.ActiveCfg = Release|Any CPU
		{E50E4049-5721-4138-A3B0-756DC264B028}.Release|Any CPU.Build.0 = Release|Any CPU
		{757A3D1D-B131-4626-ADDA-98DA298469C1}.Debug|Any CPU.ActiveCfg = Debug|Any CPU
		{757A3D1D-B131-4626-ADDA-98DA298469C1}.Debug|Any CPU.Build.0 = Debug|Any CPU
		{757A3D1D-B131-4626-ADDA-98DA298469C1}.Release|Any CPU.ActiveCfg = Release|Any CPU
		{757A3D1D-B131-4626-ADDA-98DA298469C1}.Release|Any CPU.Build.0 = Release|Any CPU
		{6E251F90-E9B4-42B4-B801-6D60354516C1}.Debug|Any CPU.ActiveCfg = Debug|Any CPU
		{6E251F90-E9B4-42B4-B801-6D60354516C1}.Debug|Any CPU.Build.0 = Debug|Any CPU
		{6E251F90-E9B4-42B4-B801-6D60354516C1}.Release|Any CPU.ActiveCfg = Release|Any CPU
		{6E251F90-E9B4-42B4-B801-6D60354516C1}.Release|Any CPU.Build.0 = Release|Any CPU
		{7D7F1BD3-4FEE-4D49-A6E3-92C6930A0F7C}.Debug|Any CPU.ActiveCfg = Debug|Any CPU
		{7D7F1BD3-4FEE-4D49-A6E3-92C6930A0F7C}.Debug|Any CPU.Build.0 = Debug|Any CPU
		{7D7F1BD3-4FEE-4D49-A6E3-92C6930A0F7C}.Release|Any CPU.ActiveCfg = Release|Any CPU
		{7D7F1BD3-4FEE-4D49-A6E3-92C6930A0F7C}.Release|Any CPU.Build.0 = Release|Any CPU
	EndGlobalSection
	GlobalSection(SolutionProperties) = preSolution
		HideSolutionNode = FALSE
	EndGlobalSection
EndGlobal
