
Microsoft Visual Studio Solution File, Format Version 12.00
# Visual Studio 2013
VisualStudioVersion = 12.0.40629.0
MinimumVisualStudioVersion = 10.0.40219.1
Project("{FAE04EC0-301F-11D3-BF4B-00C04F79EFBC}") = "BookShop.Models", "BookShop.Models\BookShop.Models.csproj", "{AA863A09-C65A-4D1B-9B8B-9C2792B08D96}"
EndProject
Project("{FAE04EC0-301F-11D3-BF4B-00C04F79EFBC}") = "BookShop.Data", "BookShop.Data\BookShop.Data.csproj", "{11F40D8D-502F-48DD-8F3D-1E72CCA1D9DE}"
EndProject
Project("{FAE04EC0-301F-11D3-BF4B-00C04F79EFBC}") = "BookShop.Client", "BookShop.Client\BookShop.Client.csproj", "{902A0CE9-18BF-42A6-BFE1-DC0E4DE869AB}"
EndProject
Project("{FAE04EC0-301F-11D3-BF4B-00C04F79EFBC}") = "BookShop.Services", "BookShop.Services\BookShop.Services.csproj", "{7B381890-3FB6-4A16-B8FA-B024B029214C}"
EndProject
Global
	GlobalSection(SolutionConfigurationPlatforms) = preSolution
		Debug|Any CPU = Debug|Any CPU
		Release|Any CPU = Release|Any CPU
	EndGlobalSection
	GlobalSection(ProjectConfigurationPlatforms) = postSolution
		{AA863A09-C65A-4D1B-9B8B-9C2792B08D96}.Debug|Any CPU.ActiveCfg = Debug|Any CPU
		{AA863A09-C65A-4D1B-9B8B-9C2792B08D96}.Debug|Any CPU.Build.0 = Debug|Any CPU
		{AA863A09-C65A-4D1B-9B8B-9C2792B08D96}.Release|Any CPU.ActiveCfg = Release|Any CPU
		{AA863A09-C65A-4D1B-9B8B-9C2792B08D96}.Release|Any CPU.Build.0 = Release|Any CPU
		{11F40D8D-502F-48DD-8F3D-1E72CCA1D9DE}.Debug|Any CPU.ActiveCfg = Debug|Any CPU
		{11F40D8D-502F-48DD-8F3D-1E72CCA1D9DE}.Debug|Any CPU.Build.0 = Debug|Any CPU
		{11F40D8D-502F-48DD-8F3D-1E72CCA1D9DE}.Release|Any CPU.ActiveCfg = Release|Any CPU
		{11F40D8D-502F-48DD-8F3D-1E72CCA1D9DE}.Release|Any CPU.Build.0 = Release|Any CPU
		{902A0CE9-18BF-42A6-BFE1-DC0E4DE869AB}.Debug|Any CPU.ActiveCfg = Debug|Any CPU
		{902A0CE9-18BF-42A6-BFE1-DC0E4DE869AB}.Debug|Any CPU.Build.0 = Debug|Any CPU
		{902A0CE9-18BF-42A6-BFE1-DC0E4DE869AB}.Release|Any CPU.ActiveCfg = Release|Any CPU
		{902A0CE9-18BF-42A6-BFE1-DC0E4DE869AB}.Release|Any CPU.Build.0 = Release|Any CPU
		{7B381890-3FB6-4A16-B8FA-B024B029214C}.Debug|Any CPU.ActiveCfg = Debug|Any CPU
		{7B381890-3FB6-4A16-B8FA-B024B029214C}.Debug|Any CPU.Build.0 = Debug|Any CPU
		{7B381890-3FB6-4A16-B8FA-B024B029214C}.Release|Any CPU.ActiveCfg = Release|Any CPU
		{7B381890-3FB6-4A16-B8FA-B024B029214C}.Release|Any CPU.Build.0 = Release|Any CPU
	EndGlobalSection
	GlobalSection(SolutionProperties) = preSolution
		HideSolutionNode = FALSE
	EndGlobalSection
EndGlobal
